// !$*UTF8*$!
{
	archiveVersion = 1;
	classes = {
	};
	objectVersion = 46;
	objects = {

/* Begin PBXBuildFile section */
		7E316A371F63025000AFD3C4 /* AppDelegate.swift in Sources */ = {isa = PBXBuildFile; fileRef = 7E316A361F63025000AFD3C4 /* AppDelegate.swift */; };
		7E316A391F63025000AFD3C4 /* ViewController.swift in Sources */ = {isa = PBXBuildFile; fileRef = 7E316A381F63025000AFD3C4 /* ViewController.swift */; };
		7E316A3C1F63025000AFD3C4 /* Main.storyboard in Resources */ = {isa = PBXBuildFile; fileRef = 7E316A3A1F63025000AFD3C4 /* Main.storyboard */; };
		7E316A3F1F63025000AFD3C4 /* eCommerce.xcdatamodeld in Sources */ = {isa = PBXBuildFile; fileRef = 7E316A3D1F63025000AFD3C4 /* eCommerce.xcdatamodeld */; };
		7E316A411F63025000AFD3C4 /* Assets.xcassets in Resources */ = {isa = PBXBuildFile; fileRef = 7E316A401F63025000AFD3C4 /* Assets.xcassets */; };
		7E316A441F63025000AFD3C4 /* LaunchScreen.storyboard in Resources */ = {isa = PBXBuildFile; fileRef = 7E316A421F63025000AFD3C4 /* LaunchScreen.storyboard */; };
		7E316A4C1F6309CE00AFD3C4 /* HomeViewController.swift in Sources */ = {isa = PBXBuildFile; fileRef = 7E316A4B1F6309CE00AFD3C4 /* HomeViewController.swift */; };
		7E316A4E1F633FF300AFD3C4 /* Items.swift in Sources */ = {isa = PBXBuildFile; fileRef = 7E316A4D1F633FF300AFD3C4 /* Items.swift */; };
		7E316A501F6355B200AFD3C4 /* FavoritesViewController.swift in Sources */ = {isa = PBXBuildFile; fileRef = 7E316A4F1F6355B200AFD3C4 /* FavoritesViewController.swift */; };
		7E316A521F63561F00AFD3C4 /* CartViewController.swift in Sources */ = {isa = PBXBuildFile; fileRef = 7E316A511F63561F00AFD3C4 /* CartViewController.swift */; };
/* End PBXBuildFile section */

/* Begin PBXFileReference section */
		7E316A331F63025000AFD3C4 /* eCommerce.app */ = {isa = PBXFileReference; explicitFileType = wrapper.application; includeInIndex = 0; path = eCommerce.app; sourceTree = BUILT_PRODUCTS_DIR; };
		7E316A361F63025000AFD3C4 /* AppDelegate.swift */ = {isa = PBXFileReference; lastKnownFileType = sourcecode.swift; path = AppDelegate.swift; sourceTree = "<group>"; };
		7E316A381F63025000AFD3C4 /* ViewController.swift */ = {isa = PBXFileReference; lastKnownFileType = sourcecode.swift; path = ViewController.swift; sourceTree = "<group>"; };
		7E316A3B1F63025000AFD3C4 /* Base */ = {isa = PBXFileReference; lastKnownFileType = file.storyboard; name = Base; path = Base.lproj/Main.storyboard; sourceTree = "<group>"; };
		7E316A3E1F63025000AFD3C4 /* eCommerce.xcdatamodel */ = {isa = PBXFileReference; lastKnownFileType = wrapper.xcdatamodel; path = eCommerce.xcdatamodel; sourceTree = "<group>"; };
		7E316A401F63025000AFD3C4 /* Assets.xcassets */ = {isa = PBXFileReference; lastKnownFileType = folder.assetcatalog; path = Assets.xcassets; sourceTree = "<group>"; };
		7E316A431F63025000AFD3C4 /* Base */ = {isa = PBXFileReference; lastKnownFileType = file.storyboard; name = Base; path = Base.lproj/LaunchScreen.storyboard; sourceTree = "<group>"; };
		7E316A451F63025000AFD3C4 /* Info.plist */ = {isa = PBXFileReference; lastKnownFileType = text.plist.xml; path = Info.plist; sourceTree = "<group>"; };
		7E316A4B1F6309CE00AFD3C4 /* HomeViewController.swift */ = {isa = PBXFileReference; fileEncoding = 4; lastKnownFileType = sourcecode.swift; path = HomeViewController.swift; sourceTree = "<group>"; };
		7E316A4D1F633FF300AFD3C4 /* Items.swift */ = {isa = PBXFileReference; fileEncoding = 4; lastKnownFileType = sourcecode.swift; path = Items.swift; sourceTree = "<group>"; };
		7E316A4F1F6355B200AFD3C4 /* FavoritesViewController.swift */ = {isa = PBXFileReference; fileEncoding = 4; lastKnownFileType = sourcecode.swift; path = FavoritesViewController.swift; sourceTree = "<group>"; };
		7E316A511F63561F00AFD3C4 /* CartViewController.swift */ = {isa = PBXFileReference; fileEncoding = 4; lastKnownFileType = sourcecode.swift; path = CartViewController.swift; sourceTree = "<group>"; };
/* End PBXFileReference section */

/* Begin PBXFrameworksBuildPhase section */
		7E316A301F63025000AFD3C4 /* Frameworks */ = {
			isa = PBXFrameworksBuildPhase;
			buildActionMask = 2147483647;
			files = (
			);
			runOnlyForDeploymentPostprocessing = 0;
		};
/* End PBXFrameworksBuildPhase section */

/* Begin PBXGroup section */
		7E316A2A1F63025000AFD3C4 = {
			isa = PBXGroup;
			children = (
				7E316A351F63025000AFD3C4 /* eCommerce */,
				7E316A341F63025000AFD3C4 /* Products */,
			);
			sourceTree = "<group>";
		};
		7E316A341F63025000AFD3C4 /* Products */ = {
			isa = PBXGroup;
			children = (
				7E316A331F63025000AFD3C4 /* eCommerce.app */,
			);
			name = Products;
			sourceTree = "<group>";
		};
		7E316A351F63025000AFD3C4 /* eCommerce */ = {
			isa = PBXGroup;
			children = (
				7E316A361F63025000AFD3C4 /* AppDelegate.swift */,
				7E316A4B1F6309CE00AFD3C4 /* HomeViewController.swift */,
				7E316A4F1F6355B200AFD3C4 /* FavoritesViewController.swift */,
				7E316A511F63561F00AFD3C4 /* CartViewController.swift */,
				7E316A381F63025000AFD3C4 /* ViewController.swift */,
				7E316A4D1F633FF300AFD3C4 /* Items.swift */,
				7E316A3A1F63025000AFD3C4 /* Main.storyboard */,
				7E316A401F63025000AFD3C4 /* Assets.xcassets */,
				7E316A421F63025000AFD3C4 /* LaunchScreen.storyboard */,
				7E316A451F63025000AFD3C4 /* Info.plist */,
				7E316A3D1F63025000AFD3C4 /* eCommerce.xcdatamodeld */,
			);
			path = eCommerce;
			sourceTree = "<group>";
		};
/* End PBXGroup section */

/* Begin PBXNativeTarget section */
		7E316A321F63025000AFD3C4 /* eCommerce */ = {
			isa = PBXNativeTarget;
			buildConfigurationList = 7E316A481F63025000AFD3C4 /* Build configuration list for PBXNativeTarget "eCommerce" */;
			buildPhases = (
				7E316A2F1F63025000AFD3C4 /* Sources */,
				7E316A301F63025000AFD3C4 /* Frameworks */,
				7E316A311F63025000AFD3C4 /* Resources */,
			);
			buildRules = (
			);
			dependencies = (
			);
			name = eCommerce;
			productName = eCommerce;
			productReference = 7E316A331F63025000AFD3C4 /* eCommerce.app */;
			productType = "com.apple.product-type.application";
		};
/* End PBXNativeTarget section */

/* Begin PBXProject section */
		7E316A2B1F63025000AFD3C4 /* Project object */ = {
			isa = PBXProject;
			attributes = {
				LastSwiftUpdateCheck = 0830;
				LastUpgradeCheck = 0830;
				ORGANIZATIONNAME = "Thiago Hissa";
				TargetAttributes = {
					7E316A321F63025000AFD3C4 = {
						CreatedOnToolsVersion = 8.3.3;
						DevelopmentTeam = 5HK2J922PF;
						ProvisioningStyle = Automatic;
					};
				};
			};
			buildConfigurationList = 7E316A2E1F63025000AFD3C4 /* Build configuration list for PBXProject "eCommerce" */;
			compatibilityVersion = "Xcode 3.2";
			developmentRegion = English;
			hasScannedForEncodings = 0;
			knownRegions = (
				en,
				Base,
			);
			mainGroup = 7E316A2A1F63025000AFD3C4;
			productRefGroup = 7E316A341F63025000AFD3C4 /* Products */;
			projectDirPath = "";
			projectRoot = "";
			targets = (
				7E316A321F63025000AFD3C4 /* eCommerce */,
			);
		};
/* End PBXProject section */

/* Begin PBXResourcesBuildPhase section */
		7E316A311F63025000AFD3C4 /* Resources */ = {
			isa = PBXResourcesBuildPhase;
			buildActionMask = 2147483647;
			files = (
				7E316A441F63025000AFD3C4 /* LaunchScreen.storyboard in Resources */,
				7E316A411F63025000AFD3C4 /* Assets.xcassets in Resources */,
				7E316A3C1F63025000AFD3C4 /* Main.storyboard in Resources */,
			);
			runOnlyForDeploymentPostprocessing = 0;
		};
/* End PBXResourcesBuildPhase section */

/* Begin PBXSourcesBuildPhase section */
		7E316A2F1F63025000AFD3C4 /* Sources */ = {
			isa = PBXSourcesBuildPhase;
			buildActionMask = 2147483647;
			files = (
				7E316A391F63025000AFD3C4 /* ViewController.swift in Sources */,
				7E316A4E1F633FF300AFD3C4 /* Items.swift in Sources */,
				7E316A521F63561F00AFD3C4 /* CartViewController.swift in Sources */,
				7E316A371F63025000AFD3C4 /* AppDelegate.swift in Sources */,
				7E316A3F1F63025000AFD3C4 /* eCommerce.xcdatamodeld in Sources */,
				7E316A501F6355B200AFD3C4 /* FavoritesViewController.swift in Sources */,
				7E316A4C1F6309CE00AFD3C4 /* HomeViewController.swift in Sources */,
			);
			runOnlyForDeploymentPostprocessing = 0;
		};
/* End PBXSourcesBuildPhase section */

/* Begin PBXVariantGroup section */
		7E316A3A1F63025000AFD3C4 /* Main.storyboard */ = {
			isa = PBXVariantGroup;
			children = (
				7E316A3B1F63025000AFD3C4 /* Base */,
			);
			name = Main.storyboard;
			sourceTree = "<group>";
		};
		7E316A421F63025000AFD3C4 /* LaunchScreen.storyboard */ = {
			isa = PBXVariantGroup;
			children = (
				7E316A431F63025000AFD3C4 /* Base */,
			);
			name = LaunchScreen.storyboard;
			sourceTree = "<group>";
		};
/* End PBXVariantGroup section */

/* Begin XCBuildConfiguration section */
		7E316A461F63025000AFD3C4 /* Debug */ = {
			isa = XCBuildConfiguration;
			buildSettings = {
				ALWAYS_SEARCH_USER_PATHS = NO;
				CLANG_ANALYZER_NONNULL = YES;
				CLANG_ANALYZER_NUMBER_OBJECT_CONVERSION = YES_AGGRESSIVE;
				CLANG_CXX_LANGUAGE_STANDARD = "gnu++0x";
				CLANG_CXX_LIBRARY = "libc++";
				CLANG_ENABLE_MODULES = YES;
				CLANG_ENABLE_OBJC_ARC = YES;
				CLANG_WARN_BOOL_CONVERSION = YES;
				CLANG_WARN_CONSTANT_CONVERSION = YES;
				CLANG_WARN_DIRECT_OBJC_ISA_USAGE = YES_ERROR;
				CLANG_WARN_DOCUMENTATION_COMMENTS = YES;
				CLANG_WARN_EMPTY_BODY = YES;
				CLANG_WARN_ENUM_CONVERSION = YES;
				CLANG_WARN_INFINITE_RECURSION = YES;
				CLANG_WARN_INT_CONVERSION = YES;
				CLANG_WARN_OBJC_ROOT_CLASS = YES_ERROR;
				CLANG_WARN_SUSPICIOUS_MOVE = YES;
				CLANG_WARN_UNREACHABLE_CODE = YES;
				CLANG_WARN__DUPLICATE_METHOD_MATCH = YES;
				"CODE_SIGN_IDENTITY[sdk=iphoneos*]" = "iPhone Developer";
				COPY_PHASE_STRIP = NO;
				DEBUG_INFORMATION_FORMAT = dwarf;
				ENABLE_STRICT_OBJC_MSGSEND = YES;
				ENABLE_TESTABILITY = YES;
				GCC_C_LANGUAGE_STANDARD = gnu99;
				GCC_DYNAMIC_NO_PIC = NO;
				GCC_NO_COMMON_BLOCKS = YES;
				GCC_OPTIMIZATION_LEVEL = 0;
				GCC_PREPROCESSOR_DEFINITIONS = (
					"DEBUG=1",
					"$(inherited)",
				);
				GCC_WARN_64_TO_32_BIT_CONVERSION = YES;
				GCC_WARN_ABOUT_RETURN_TYPE = YES_ERROR;
				GCC_WARN_UNDECLARED_SELECTOR = YES;
				GCC_WARN_UNINITIALIZED_AUTOS = YES_AGGRESSIVE;
				GCC_WARN_UNUSED_FUNCTION = YES;
				GCC_WARN_UNUSED_VARIABLE = YES;
				IPHONEOS_DEPLOYMENT_TARGET = 10.3;
				MTL_ENABLE_DEBUG_INFO = YES;
				ONLY_ACTIVE_ARCH = YES;
				SDKROOT = iphoneos;
				SWIFT_ACTIVE_COMPILATION_CONDITIONS = DEBUG;
				SWIFT_OPTIMIZATION_LEVEL = "-Onone";
			};
			name = Debug;
		};
		7E316A471F63025000AFD3C4 /* Release */ = {
			isa = XCBuildConfiguration;
			buildSettings = {
				ALWAYS_SEARCH_USER_PATHS = NO;
				CLANG_ANALYZER_NONNULL = YES;
				CLANG_ANALYZER_NUMBER_OBJECT_CONVERSION = YES_AGGRESSIVE;
				CLANG_CXX_LANGUAGE_STANDARD = "gnu++0x";
				CLANG_CXX_LIBRARY = "libc++";
				CLANG_ENABLE_MODULES = YES;
				CLANG_ENABLE_OBJC_ARC = YES;
				CLANG_WARN_BOOL_CONVERSION = YES;
				CLANG_WARN_CONSTANT_CONVERSION = YES;
				CLANG_WARN_DIRECT_OBJC_ISA_USAGE = YES_ERROR;
				CLANG_WARN_DOCUMENTATION_COMMENTS = YES;
				CLANG_WARN_EMPTY_BODY = YES;
				CLANG_WARN_ENUM_CONVERSION = YES;
				CLANG_WARN_INFINITE_RECURSION = YES;
				CLANG_WARN_INT_CONVERSION = YES;
				CLANG_WARN_OBJC_ROOT_CLASS = YES_ERROR;
				CLANG_WARN_SUSPICIOUS_MOVE = YES;
				CLANG_WARN_UNREACHABLE_CODE = YES;
				CLANG_WARN__DUPLICATE_METHOD_MATCH = YES;
				"CODE_SIGN_IDENTITY[sdk=iphoneos*]" = "iPhone Developer";
				COPY_PHASE_STRIP = NO;
				DEBUG_INFORMATION_FORMAT = "dwarf-with-dsym";
				ENABLE_NS_ASSERTIONS = NO;
				ENABLE_STRICT_OBJC_MSGSEND = YES;
				GCC_C_LANGUAGE_STANDARD = gnu99;
				GCC_NO_COMMON_BLOCKS = YES;
				GCC_WARN_64_TO_32_BIT_CONVERSION = YES;
				GCC_WARN_ABOUT_RETURN_TYPE = YES_ERROR;
				GCC_WARN_UNDECLARED_SELECTOR = YES;
				GCC_WARN_UNINITIALIZED_AUTOS = YES_AGGRESSIVE;
				GCC_WARN_UNUSED_FUNCTION = YES;
				GCC_WARN_UNUSED_VARIABLE = YES;
				IPHONEOS_DEPLOYMENT_TARGET = 10.3;
				MTL_ENABLE_DEBUG_INFO = NO;
				SDKROOT = iphoneos;
				SWIFT_OPTIMIZATION_LEVEL = "-Owholemodule";
				VALIDATE_PRODUCT = YES;
			};
			name = Release;
		};
		7E316A491F63025000AFD3C4 /* Debug */ = {
			isa = XCBuildConfiguration;
			buildSettings = {
				ASSETCATALOG_COMPILER_APPICON_NAME = AppIcon;
				DEVELOPMENT_TEAM = 5HK2J922PF;
				INFOPLIST_FILE = eCommerce/Info.plist;
				IPHONEOS_DEPLOYMENT_TARGET = 10.1;
				LD_RUNPATH_SEARCH_PATHS = "$(inherited) @executable_path/Frameworks";
				PRODUCT_BUNDLE_IDENTIFIER = com.cplayground.eCommerce;
				PRODUCT_NAME = "$(TARGET_NAME)";
				SWIFT_VERSION = 3.0;
			};
			name = Debug;
		};
		7E316A4A1F63025000AFD3C4 /* Release */ = {
			isa = XCBuildConfiguration;
			buildSettings = {
				ASSETCATALOG_COMPILER_APPICON_NAME = AppIcon;
				DEVELOPMENT_TEAM = 5HK2J922PF;
				INFOPLIST_FILE = eCommerce/Info.plist;
				IPHONEOS_DEPLOYMENT_TARGET = 10.1;
				LD_RUNPATH_SEARCH_PATHS = "$(inherited) @executable_path/Frameworks";
				PRODUCT_BUNDLE_IDENTIFIER = com.cplayground.eCommerce;
				PRODUCT_NAME = "$(TARGET_NAME)";
				SWIFT_VERSION = 3.0;
			};
			name = Release;
		};
/* End XCBuildConfiguration section */

/* Begin XCConfigurationList section */
		7E316A2E1F63025000AFD3C4 /* Build configuration list for PBXProject "eCommerce" */ = {
			isa = XCConfigurationList;
			buildConfigurations = (
				7E316A461F63025000AFD3C4 /* Debug */,
				7E316A471F63025000AFD3C4 /* Release */,
			);
			defaultConfigurationIsVisible = 0;
			defaultConfigurationName = Release;
		};
		7E316A481F63025000AFD3C4 /* Build configuration list for PBXNativeTarget "eCommerce" */ = {
			isa = XCConfigurationList;
			buildConfigurations = (
				7E316A491F63025000AFD3C4 /* Debug */,
				7E316A4A1F63025000AFD3C4 /* Release */,
			);
			defaultConfigurationIsVisible = 0;
			defaultConfigurationName = Release;
		};
/* End XCConfigurationList section */

/* Begin XCVersionGroup section */
		7E316A3D1F63025000AFD3C4 /* eCommerce.xcdatamodeld */ = {
			isa = XCVersionGroup;
			children = (
				7E316A3E1F63025000AFD3C4 /* eCommerce.xcdatamodel */,
			);
			currentVersion = 7E316A3E1F63025000AFD3C4 /* eCommerce.xcdatamodel */;
			path = eCommerce.xcdatamodeld;
			sourceTree = "<group>";
			versionGroupType = wrapper.xcdatamodel;
		};
/* End XCVersionGroup section */
	};
	rootObject = 7E316A2B1F63025000AFD3C4 /* Project object */;
}
